Microsoft Visual Studio Solution File, Format Version 11.00
# Visual C++ Express 2010
Project("{8BC9CEB8-8B4A-11D0-8D11-00A0C91BC942}") = "cfg", "cfg\cfg.vcxproj", "{E2E91785-C5CB-4E57-98F0-7953A42FFEC0}"
EndProject
Project("{8BC9CEB8-8B4A-11D0-8D11-00A0C91BC942}") = "toppers", "toppers\toppers.vcxproj", "{101BA469-E065-401C-86F9-789B5F2C85AB}"
EndProject
Project("{8BC9CEB8-8B4A-11D0-8D11-00A0C91BC942}") = "itronx", "toppers\itronx\itronx.vcxproj", "{994810C2-F530-4679-9DF8-AF39A3AC61C9}"
EndProject
Project("{8BC9CEB8-8B4A-11D0-8D11-00A0C91BC942}") = "oil", "toppers\oil\oil.vcxproj", "{2BF7BFF7-C1F5-4081-B5A2-E9DF01C2CDCA}"
EndProject
Project("{8BC9CEB8-8B4A-11D0-8D11-00A0C91BC942}") = "xml", "toppers\xml\xml.vcxproj", "{D36ED2D4-E423-46BA-9E2C-4ECB92C9A241}"
EndProject
Global
	GlobalSection(SolutionConfigurationPlatforms) = preSolution
		Debug|Win32 = Debug|Win32
		Release|Win32 = Release|Win32
	EndGlobalSection
	GlobalSection(ProjectConfigurationPlatforms) = postSolution
		{E2E91785-C5CB-4E57-98F0-7953A42FFEC0}.Debug|Win32.ActiveCfg = Debug|Win32
		{E2E91785-C5CB-4E57-98F0-7953A42FFEC0}.Debug|Win32.Build.0 = Debug|Win32
		{E2E91785-C5CB-4E57-98F0-7953A42FFEC0}.Release|Win32.ActiveCfg = Release|Win32
		{E2E91785-C5CB-4E57-98F0-7953A42FFEC0}.Release|Win32.Build.0 = Release|Win32
		{101BA469-E065-401C-86F9-789B5F2C85AB}.Debug|Win32.ActiveCfg = Debug|Win32
		{101BA469-E065-401C-86F9-789B5F2C85AB}.Debug|Win32.Build.0 = Debug|Win32
		{101BA469-E065-401C-86F9-789B5F2C85AB}.Release|Win32.ActiveCfg = Release|Win32
		{101BA469-E065-401C-86F9-789B5F2C85AB}.Release|Win32.Build.0 = Release|Win32
		{994810C2-F530-4679-9DF8-AF39A3AC61C9}.Debug|Win32.ActiveCfg = Debug|Win32
		{994810C2-F530-4679-9DF8-AF39A3AC61C9}.Debug|Win32.Build.0 = Debug|Win32
		{994810C2-F530-4679-9DF8-AF39A3AC61C9}.Release|Win32.ActiveCfg = Release|Win32
		{994810C2-F530-4679-9DF8-AF39A3AC61C9}.Release|Win32.Build.0 = Release|Win32
		{2BF7BFF7-C1F5-4081-B5A2-E9DF01C2CDCA}.Debug|Win32.ActiveCfg = Debug|Win32
		{2BF7BFF7-C1F5-4081-B5A2-E9DF01C2CDCA}.Debug|Win32.Build.0 = Debug|Win32
		{2BF7BFF7-C1F5-4081-B5A2-E9DF01C2CDCA}.Release|Win32.ActiveCfg = Release|Win32
		{2BF7BFF7-C1F5-4081-B5A2-E9DF01C2CDCA}.Release|Win32.Build.0 = Release|Win32
		{D36ED2D4-E423-46BA-9E2C-4ECB92C9A241}.Debug|Win32.ActiveCfg = Debug|Win32
		{D36ED2D4-E423-46BA-9E2C-4ECB92C9A241}.Debug|Win32.Build.0 = Debug|Win32
		{D36ED2D4-E423-46BA-9E2C-4ECB92C9A241}.Release|Win32.ActiveCfg = Release|Win32
		{D36ED2D4-E423-46BA-9E2C-4ECB92C9A241}.Release|Win32.Build.0 = Release|Win32
	EndGlobalSection
	GlobalSection(SolutionProperties) = preSolution
		HideSolutionNode = FALSE
	EndGlobalSection
EndGlobal
